# THIS IS AN AUTOGENERATED FILE. DO NOT EDIT THIS FILE DIRECTLY.
# yarn lockfile v1


batch-cluster@^1.8.0:
  version "1.8.0"
  resolved "https://registry.yarnpkg.com/batch-cluster/-/batch-cluster-1.8.0.tgz#1646c045e73a3c4d091c35bcf74cada657521248"

exiftool-vendored.exe@10.76.0:
  version "10.76.0"
  resolved "https://registry.yarnpkg.com/exiftool-vendored.exe/-/exiftool-vendored.exe-10.76.0.tgz#fdc036fcf3e68c001cb1bbcc6a2ba38a8ab47e30"

exiftool-vendored.pl@10.76.0:
  version "10.76.0"
  resolved "https://registry.yarnpkg.com/exiftool-vendored.pl/-/exiftool-vendored.pl-10.76.0.tgz#248eb95d9be028d0fbe233352d0bf6daed7f93a4"

exiftool-vendored@^4.15.0:
  version "4.15.0"
  resolved "https://registry.yarnpkg.com/exiftool-vendored/-/exiftool-vendored-4.15.0.tgz#b1a59d742aa5d1d1cfa06502d957e8e7dcc2212e"
  dependencies:
    batch-cluster "^1.8.0"
  optionalDependencies:
    exiftool-vendored.exe "10.76.0"
    exiftool-vendored.pl "10.76.0"
